// !$*UTF8*$!
{
	archiveVersion = 1;
	classes = {
	};
	objectVersion = 55;
	objects = {

/* Begin PBXBuildFile section */
		28EB2C0B2763BAFC00C5A506 /* AppDelegate.swift in Sources */ = {isa = PBXBuildFile; fileRef = 28EB2C0A2763BAFC00C5A506 /* AppDelegate.swift */; };
		28EB2C0D2763BAFC00C5A506 /* SceneDelegate.swift in Sources */ = {isa = PBXBuildFile; fileRef = 28EB2C0C2763BAFC00C5A506 /* SceneDelegate.swift */; };
		28EB2C0F2763BAFC00C5A506 /* ViewController.swift in Sources */ = {isa = PBXBuildFile; fileRef = 28EB2C0E2763BAFC00C5A506 /* ViewController.swift */; };
		28EB2C122763BAFC00C5A506 /* Main.storyboard in Resources */ = {isa = PBXBuildFile; fileRef = 28EB2C102763BAFC00C5A506 /* Main.storyboard */; };
		28EB2C142763BAFE00C5A506 /* Assets.xcassets in Resources */ = {isa = PBXBuildFile; fileRef = 28EB2C132763BAFE00C5A506 /* Assets.xcassets */; };
		28EB2C172763BAFE00C5A506 /* LaunchScreen.storyboard in Resources */ = {isa = PBXBuildFile; fileRef = 28EB2C152763BAFE00C5A506 /* LaunchScreen.storyboard */; };
		28EB2C222763BAFE00C5A506 /* BazelDemoTests.swift in Sources */ = {isa = PBXBuildFile; fileRef = 28EB2C212763BAFE00C5A506 /* BazelDemoTests.swift */; };
		28EB2C2C2763BAFE00C5A506 /* BazelDemoUITests.swift in Sources */ = {isa = PBXBuildFile; fileRef = 28EB2C2B2763BAFE00C5A506 /* BazelDemoUITests.swift */; };
		28EB2C2E2763BAFE00C5A506 /* BazelDemoUITestsLaunchTests.swift in Sources */ = {isa = PBXBuildFile; fileRef = 28EB2C2D2763BAFE00C5A506 /* BazelDemoUITestsLaunchTests.swift */; };
/* End PBXBuildFile section */

/* Begin PBXContainerItemProxy section */
		28EB2C1E2763BAFE00C5A506 /* PBXContainerItemProxy */ = {
			isa = PBXContainerItemProxy;
			containerPortal = 28EB2BFF2763BAFC00C5A506 /* Project object */;
			proxyType = 1;
			remoteGlobalIDString = 28EB2C062763BAFC00C5A506;
			remoteInfo = BazelDemo;
		};
		28EB2C282763BAFE00C5A506 /* PBXContainerItemProxy */ = {
			isa = PBXContainerItemProxy;
			containerPortal = 28EB2BFF2763BAFC00C5A506 /* Project object */;
			proxyType = 1;
			remoteGlobalIDString = 28EB2C062763BAFC00C5A506;
			remoteInfo = BazelDemo;
		};
/* End PBXContainerItemProxy section */

/* Begin PBXFileReference section */
		28EB2C072763BAFC00C5A506 /* BazelDemo.app */ = {isa = PBXFileReference; explicitFileType = wrapper.application; includeInIndex = 0; path = BazelDemo.app; sourceTree = BUILT_PRODUCTS_DIR; };
		28EB2C0A2763BAFC00C5A506 /* AppDelegate.swift */ = {isa = PBXFileReference; lastKnownFileType = sourcecode.swift; path = AppDelegate.swift; sourceTree = "<group>"; };
		28EB2C0C2763BAFC00C5A506 /* SceneDelegate.swift */ = {isa = PBXFileReference; lastKnownFileType = sourcecode.swift; path = SceneDelegate.swift; sourceTree = "<group>"; };
		28EB2C0E2763BAFC00C5A506 /* ViewController.swift */ = {isa = PBXFileReference; lastKnownFileType = sourcecode.swift; path = ViewController.swift; sourceTree = "<group>"; };
		28EB2C112763BAFC00C5A506 /* Base */ = {isa = PBXFileReference; lastKnownFileType = file.storyboard; name = Base; path = Base.lproj/Main.storyboard; sourceTree = "<group>"; };
		28EB2C132763BAFE00C5A506 /* Assets.xcassets */ = {isa = PBXFileReference; lastKnownFileType = folder.assetcatalog; path = Assets.xcassets; sourceTree = "<group>"; };
		28EB2C162763BAFE00C5A506 /* Base */ = {isa = PBXFileReference; lastKnownFileType = file.storyboard; name = Base; path = Base.lproj/LaunchScreen.storyboard; sourceTree = "<group>"; };
		28EB2C182763BAFE00C5A506 /* Info.plist */ = {isa = PBXFileReference; lastKnownFileType = text.plist.xml; path = Info.plist; sourceTree = "<group>"; };
		28EB2C1D2763BAFE00C5A506 /* BazelDemoTests.xctest */ = {isa = PBXFileReference; explicitFileType = wrapper.cfbundle; includeInIndex = 0; path = BazelDemoTests.xctest; sourceTree = BUILT_PRODUCTS_DIR; };
		28EB2C212763BAFE00C5A506 /* BazelDemoTests.swift */ = {isa = PBXFileReference; lastKnownFileType = sourcecode.swift; path = BazelDemoTests.swift; sourceTree = "<group>"; };
		28EB2C272763BAFE00C5A506 /* BazelDemoUITests.xctest */ = {isa = PBXFileReference; explicitFileType = wrapper.cfbundle; includeInIndex = 0; path = BazelDemoUITests.xctest; sourceTree = BUILT_PRODUCTS_DIR; };
		28EB2C2B2763BAFE00C5A506 /* BazelDemoUITests.swift */ = {isa = PBXFileReference; lastKnownFileType = sourcecode.swift; path = BazelDemoUITests.swift; sourceTree = "<group>"; };
		28EB2C2D2763BAFE00C5A506 /* BazelDemoUITestsLaunchTests.swift */ = {isa = PBXFileReference; lastKnownFileType = sourcecode.swift; path = BazelDemoUITestsLaunchTests.swift; sourceTree = "<group>"; };
/* End PBXFileReference section */

/* Begin PBXFrameworksBuildPhase section */
		28EB2C042763BAFC00C5A506 /* Frameworks */ = {
			isa = PBXFrameworksBuildPhase;
			buildActionMask = 2147483647;
			files = (
			);
			runOnlyForDeploymentPostprocessing = 0;
		};
		28EB2C1A2763BAFE00C5A506 /* Frameworks */ = {
			isa = PBXFrameworksBuildPhase;
			buildActionMask = 2147483647;
			files = (
			);
			runOnlyForDeploymentPostprocessing = 0;
		};
		28EB2C242763BAFE00C5A506 /* Frameworks */ = {
			isa = PBXFrameworksBuildPhase;
			buildActionMask = 2147483647;
			files = (
			);
			runOnlyForDeploymentPostprocessing = 0;
		};
/* End PBXFrameworksBuildPhase section */

/* Begin PBXGroup section */
		28EB2BFE2763BAFC00C5A506 = {
			isa = PBXGroup;
			children = (
				28EB2C092763BAFC00C5A506 /* BazelDemo */,
				28EB2C202763BAFE00C5A506 /* BazelDemoTests */,
				28EB2C2A2763BAFE00C5A506 /* BazelDemoUITests */,
				28EB2C082763BAFC00C5A506 /* Products */,
			);
			sourceTree = "<group>";
		};
		28EB2C082763BAFC00C5A506 /* Products */ = {
			isa = PBXGroup;
			children = (
				28EB2C072763BAFC00C5A506 /* BazelDemo.app */,
				28EB2C1D2763BAFE00C5A506 /* BazelDemoTests.xctest */,
				28EB2C272763BAFE00C5A506 /* BazelDemoUITests.xctest */,
			);
			name = Products;
			sourceTree = "<group>";
		};
		28EB2C092763BAFC00C5A506 /* BazelDemo */ = {
			isa = PBXGroup;
			children = (
				28EB2C0A2763BAFC00C5A506 /* AppDelegate.swift */,
				28EB2C0C2763BAFC00C5A506 /* SceneDelegate.swift */,
				28EB2C0E2763BAFC00C5A506 /* ViewController.swift */,
				28EB2C102763BAFC00C5A506 /* Main.storyboard */,
				28EB2C132763BAFE00C5A506 /* Assets.xcassets */,
				28EB2C152763BAFE00C5A506 /* LaunchScreen.storyboard */,
				28EB2C182763BAFE00C5A506 /* Info.plist */,
			);
			path = BazelDemo;
			sourceTree = "<group>";
		};
		28EB2C202763BAFE00C5A506 /* BazelDemoTests */ = {
			isa = PBXGroup;
			children = (
				28EB2C212763BAFE00C5A506 /* BazelDemoTests.swift */,
			);
			path = BazelDemoTests;
			sourceTree = "<group>";
		};
		28EB2C2A2763BAFE00C5A506 /* BazelDemoUITests */ = {
			isa = PBXGroup;
			children = (
				28EB2C2B2763BAFE00C5A506 /* BazelDemoUITests.swift */,
				28EB2C2D2763BAFE00C5A506 /* BazelDemoUITestsLaunchTests.swift */,
			);
			path = BazelDemoUITests;
			sourceTree = "<group>";
		};
/* End PBXGroup section */

/* Begin PBXNativeTarget section */
		28EB2C062763BAFC00C5A506 /* BazelDemo */ = {
			isa = PBXNativeTarget;
			buildConfigurationList = 28EB2C312763BAFE00C5A506 /* Build configuration list for PBXNativeTarget "BazelDemo" */;
			buildPhases = (
				28EB2C032763BAFC00C5A506 /* Sources */,
				28EB2C042763BAFC00C5A506 /* Frameworks */,
				28EB2C052763BAFC00C5A506 /* Resources */,
			);
			buildRules = (
			);
			dependencies = (
			);
			name = BazelDemo;
			productName = BazelDemo;
			productReference = 28EB2C072763BAFC00C5A506 /* BazelDemo.app */;
			productType = "com.apple.product-type.application";
		};
		28EB2C1C2763BAFE00C5A506 /* BazelDemoTests */ = {
			isa = PBXNativeTarget;
			buildConfigurationList = 28EB2C342763BAFE00C5A506 /* Build configuration list for PBXNativeTarget "BazelDemoTests" */;
			buildPhases = (
				28EB2C192763BAFE00C5A506 /* Sources */,
				28EB2C1A2763BAFE00C5A506 /* Frameworks */,
				28EB2C1B2763BAFE00C5A506 /* Resources */,
			);
			buildRules = (
			);
			dependencies = (
				28EB2C1F2763BAFE00C5A506 /* PBXTargetDependency */,
			);
			name = BazelDemoTests;
			productName = BazelDemoTests;
			productReference = 28EB2C1D2763BAFE00C5A506 /* BazelDemoTests.xctest */;
			productType = "com.apple.product-type.bundle.unit-test";
		};
		28EB2C262763BAFE00C5A506 /* BazelDemoUITests */ = {
			isa = PBXNativeTarget;
			buildConfigurationList = 28EB2C372763BAFE00C5A506 /* Build configuration list for PBXNativeTarget "BazelDemoUITests" */;
			buildPhases = (
				28EB2C232763BAFE00C5A506 /* Sources */,
				28EB2C242763BAFE00C5A506 /* Frameworks */,
				28EB2C252763BAFE00C5A506 /* Resources */,
			);
			buildRules = (
			);
			dependencies = (
				28EB2C292763BAFE00C5A506 /* PBXTargetDependency */,
			);
			name = BazelDemoUITests;
			productName = BazelDemoUITests;
			productReference = 28EB2C272763BAFE00C5A506 /* BazelDemoUITests.xctest */;
			productType = "com.apple.product-type.bundle.ui-testing";
		};
/* End PBXNativeTarget section */

/* Begin PBXProject section */
		28EB2BFF2763BAFC00C5A506 /* Project object */ = {
			isa = PBXProject;
			attributes = {
				BuildIndependentTargetsInParallel = 1;
				LastSwiftUpdateCheck = 1300;
				LastUpgradeCheck = 1300;
				TargetAttributes = {
					28EB2C062763BAFC00C5A506 = {
						CreatedOnToolsVersion = 13.0;
					};
					28EB2C1C2763BAFE00C5A506 = {
						CreatedOnToolsVersion = 13.0;
						TestTargetID = 28EB2C062763BAFC00C5A506;
					};
					28EB2C262763BAFE00C5A506 = {
						CreatedOnToolsVersion = 13.0;
						TestTargetID = 28EB2C062763BAFC00C5A506;
					};
				};
			};
			buildConfigurationList = 28EB2C022763BAFC00C5A506 /* Build configuration list for PBXProject "BazelDemo" */;
			compatibilityVersion = "Xcode 13.0";
			developmentRegion = en;
			hasScannedForEncodings = 0;
			knownRegions = (
				en,
				Base,
			);
			mainGroup = 28EB2BFE2763BAFC00C5A506;
			productRefGroup = 28EB2C082763BAFC00C5A506 /* Products */;
			projectDirPath = "";
			projectRoot = "";
			targets = (
				28EB2C062763BAFC00C5A506 /* BazelDemo */,
				28EB2C1C2763BAFE00C5A506 /* BazelDemoTests */,
				28EB2C262763BAFE00C5A506 /* BazelDemoUITests */,
			);
		};
/* End PBXProject section */

/* Begin PBXResourcesBuildPhase section */
		28EB2C052763BAFC00C5A506 /* Resources */ = {
			isa = PBXResourcesBuildPhase;
			buildActionMask = 2147483647;
			files = (
				28EB2C172763BAFE00C5A506 /* LaunchScreen.storyboard in Resources */,
				28EB2C142763BAFE00C5A506 /* Assets.xcassets in Resources */,
				28EB2C122763BAFC00C5A506 /* Main.storyboard in Resources */,
			);
			runOnlyForDeploymentPostprocessing = 0;
		};
		28EB2C1B2763BAFE00C5A506 /* Resources */ = {
			isa = PBXResourcesBuildPhase;
			buildActionMask = 2147483647;
			files = (
			);
			runOnlyForDeploymentPostprocessing = 0;
		};
		28EB2C252763BAFE00C5A506 /* Resources */ = {
			isa = PBXResourcesBuildPhase;
			buildActionMask = 2147483647;
			files = (
			);
			runOnlyForDeploymentPostprocessing = 0;
		};
/* End PBXResourcesBuildPhase section */

/* Begin PBXSourcesBuildPhase section */
		28EB2C032763BAFC00C5A506 /* Sources */ = {
			isa = PBXSourcesBuildPhase;
			buildActionMask = 2147483647;
			files = (
				28EB2C0F2763BAFC00C5A506 /* ViewController.swift in Sources */,
				28EB2C0B2763BAFC00C5A506 /* AppDelegate.swift in Sources */,
				28EB2C0D2763BAFC00C5A506 /* SceneDelegate.swift in Sources */,
			);
			runOnlyForDeploymentPostprocessing = 0;
		};
		28EB2C192763BAFE00C5A506 /* Sources */ = {
			isa = PBXSourcesBuildPhase;
			buildActionMask = 2147483647;
			files = (
				28EB2C222763BAFE00C5A506 /* BazelDemoTests.swift in Sources */,
			);
			runOnlyForDeploymentPostprocessing = 0;
		};
		28EB2C232763BAFE00C5A506 /* Sources */ = {
			isa = PBXSourcesBuildPhase;
			buildActionMask = 2147483647;
			files = (
				28EB2C2E2763BAFE00C5A506 /* BazelDemoUITestsLaunchTests.swift in Sources */,
				28EB2C2C2763BAFE00C5A506 /* BazelDemoUITests.swift in Sources */,
			);
			runOnlyForDeploymentPostprocessing = 0;
		};
/* End PBXSourcesBuildPhase section */

/* Begin PBXTargetDependency section */
		28EB2C1F2763BAFE00C5A506 /* PBXTargetDependency */ = {
			isa = PBXTargetDependency;
			target = 28EB2C062763BAFC00C5A506 /* BazelDemo */;
			targetProxy = 28EB2C1E2763BAFE00C5A506 /* PBXContainerItemProxy */;
		};
		28EB2C292763BAFE00C5A506 /* PBXTargetDependency */ = {
			isa = PBXTargetDependency;
			target = 28EB2C062763BAFC00C5A506 /* BazelDemo */;
			targetProxy = 28EB2C282763BAFE00C5A506 /* PBXContainerItemProxy */;
		};
/* End PBXTargetDependency section */

/* Begin PBXVariantGroup section */
		28EB2C102763BAFC00C5A506 /* Main.storyboard */ = {
			isa = PBXVariantGroup;
			children = (
				28EB2C112763BAFC00C5A506 /* Base */,
			);
			name = Main.storyboard;
			sourceTree = "<group>";
		};
		28EB2C152763BAFE00C5A506 /* LaunchScreen.storyboard */ = {
			isa = PBXVariantGroup;
			children = (
				28EB2C162763BAFE00C5A506 /* Base */,
			);
			name = LaunchScreen.storyboard;
			sourceTree = "<group>";
		};
/* End PBXVariantGroup section */

/* Begin XCBuildConfiguration section */
		28EB2C2F2763BAFE00C5A506 /* Debug */ = {
			isa = XCBuildConfiguration;
			buildSettings = {
				ALWAYS_SEARCH_USER_PATHS = NO;
				CLANG_ANALYZER_NONNULL = YES;
				CLANG_ANALYZER_NUMBER_OBJECT_CONVERSION = YES_AGGRESSIVE;
				CLANG_CXX_LANGUAGE_STANDARD = "gnu++17";
				CLANG_CXX_LIBRARY = "libc++";
				CLANG_ENABLE_MODULES = YES;
				CLANG_ENABLE_OBJC_ARC = YES;
				CLANG_ENABLE_OBJC_WEAK = YES;
				CLANG_WARN_BLOCK_CAPTURE_AUTORELEASING = YES;
				CLANG_WARN_BOOL_CONVERSION = YES;
				CLANG_WARN_COMMA = YES;
				CLANG_WARN_CONSTANT_CONVERSION = YES;
				CLANG_WARN_DEPRECATED_OBJC_IMPLEMENTATIONS = YES;
				CLANG_WARN_DIRECT_OBJC_ISA_USAGE = YES_ERROR;
				CLANG_WARN_DOCUMENTATION_COMMENTS = YES;
				CLANG_WARN_EMPTY_BODY = YES;
				CLANG_WARN_ENUM_CONVERSION = YES;
				CLANG_WARN_INFINITE_RECURSION = YES;
				CLANG_WARN_INT_CONVERSION = YES;
				CLANG_WARN_NON_LITERAL_NULL_CONVERSION = YES;
				CLANG_WARN_OBJC_IMPLICIT_RETAIN_SELF = YES;
				CLANG_WARN_OBJC_LITERAL_CONVERSION = YES;
				CLANG_WARN_OBJC_ROOT_CLASS = YES_ERROR;
				CLANG_WARN_QUOTED_INCLUDE_IN_FRAMEWORK_HEADER = YES;
				CLANG_WARN_RANGE_LOOP_ANALYSIS = YES;
				CLANG_WARN_STRICT_PROTOTYPES = YES;
				CLANG_WARN_SUSPICIOUS_MOVE = YES;
				CLANG_WARN_UNGUARDED_AVAILABILITY = YES_AGGRESSIVE;
				CLANG_WARN_UNREACHABLE_CODE = YES;
				CLANG_WARN__DUPLICATE_METHOD_MATCH = YES;
				COPY_PHASE_STRIP = NO;
				DEBUG_INFORMATION_FORMAT = dwarf;
				ENABLE_STRICT_OBJC_MSGSEND = YES;
				ENABLE_TESTABILITY = YES;
				GCC_C_LANGUAGE_STANDARD = gnu11;
				GCC_DYNAMIC_NO_PIC = NO;
				GCC_NO_COMMON_BLOCKS = YES;
				GCC_OPTIMIZATION_LEVEL = 0;
				GCC_PREPROCESSOR_DEFINITIONS = (
					"DEBUG=1",
					"$(inherited)",
				);
				GCC_WARN_64_TO_32_BIT_CONVERSION = YES;
				GCC_WARN_ABOUT_RETURN_TYPE = YES_ERROR;
				GCC_WARN_UNDECLARED_SELECTOR = YES;
				GCC_WARN_UNINITIALIZED_AUTOS = YES_AGGRESSIVE;
				GCC_WARN_UNUSED_FUNCTION = YES;
				GCC_WARN_UNUSED_VARIABLE = YES;
				IPHONEOS_DEPLOYMENT_TARGET = 15.0;
				MTL_ENABLE_DEBUG_INFO = INCLUDE_SOURCE;
				MTL_FAST_MATH = YES;
				ONLY_ACTIVE_ARCH = YES;
				SDKROOT = iphoneos;
				SWIFT_ACTIVE_COMPILATION_CONDITIONS = DEBUG;
				SWIFT_OPTIMIZATION_LEVEL = "-Onone";
			};
			name = Debug;
		};
		28EB2C302763BAFE00C5A506 /* Release */ = {
			isa = XCBuildConfiguration;
			buildSettings = {
				ALWAYS_SEARCH_USER_PATHS = NO;
				CLANG_ANALYZER_NONNULL = YES;
				CLANG_ANALYZER_NUMBER_OBJECT_CONVERSION = YES_AGGRESSIVE;
				CLANG_CXX_LANGUAGE_STANDARD = "gnu++17";
				CLANG_CXX_LIBRARY = "libc++";
				CLANG_ENABLE_MODULES = YES;
				CLANG_ENABLE_OBJC_ARC = YES;
				CLANG_ENABLE_OBJC_WEAK = YES;
				CLANG_WARN_BLOCK_CAPTURE_AUTORELEASING = YES;
				CLANG_WARN_BOOL_CONVERSION = YES;
				CLANG_WARN_COMMA = YES;
				CLANG_WARN_CONSTANT_CONVERSION = YES;
				CLANG_WARN_DEPRECATED_OBJC_IMPLEMENTATIONS = YES;
				CLANG_WARN_DIRECT_OBJC_ISA_USAGE = YES_ERROR;
				CLANG_WARN_DOCUMENTATION_COMMENTS = YES;
				CLANG_WARN_EMPTY_BODY = YES;
				CLANG_WARN_ENUM_CONVERSION = YES;
				CLANG_WARN_INFINITE_RECURSION = YES;
				CLANG_WARN_INT_CONVERSION = YES;
				CLANG_WARN_NON_LITERAL_NULL_CONVERSION = YES;
				CLANG_WARN_OBJC_IMPLICIT_RETAIN_SELF = YES;
				CLANG_WARN_OBJC_LITERAL_CONVERSION = YES;
				CLANG_WARN_OBJC_ROOT_CLASS = YES_ERROR;
				CLANG_WARN_QUOTED_INCLUDE_IN_FRAMEWORK_HEADER = YES;
				CLANG_WARN_RANGE_LOOP_ANALYSIS = YES;
				CLANG_WARN_STRICT_PROTOTYPES = YES;
				CLANG_WARN_SUSPICIOUS_MOVE = YES;
				CLANG_WARN_UNGUARDED_AVAILABILITY = YES_AGGRESSIVE;
				CLANG_WARN_UNREACHABLE_CODE = YES;
				CLANG_WARN__DUPLICATE_METHOD_MATCH = YES;
				COPY_PHASE_STRIP = NO;
				DEBUG_INFORMATION_FORMAT = "dwarf-with-dsym";
				ENABLE_NS_ASSERTIONS = NO;
				ENABLE_STRICT_OBJC_MSGSEND = YES;
				GCC_C_LANGUAGE_STANDARD = gnu11;
				GCC_NO_COMMON_BLOCKS = YES;
				GCC_WARN_64_TO_32_BIT_CONVERSION = YES;
				GCC_WARN_ABOUT_RETURN_TYPE = YES_ERROR;
				GCC_WARN_UNDECLARED_SELECTOR = YES;
				GCC_WARN_UNINITIALIZED_AUTOS = YES_AGGRESSIVE;
				GCC_WARN_UNUSED_FUNCTION = YES;
				GCC_WARN_UNUSED_VARIABLE = YES;
				IPHONEOS_DEPLOYMENT_TARGET = 15.0;
				MTL_ENABLE_DEBUG_INFO = NO;
				MTL_FAST_MATH = YES;
				SDKROOT = iphoneos;
				SWIFT_COMPILATION_MODE = wholemodule;
				SWIFT_OPTIMIZATION_LEVEL = "-O";
				VALIDATE_PRODUCT = YES;
			};
			name = Release;
		};
		28EB2C322763BAFE00C5A506 /* Debug */ = {
			isa = XCBuildConfiguration;
			buildSettings = {
				ASSETCATALOG_COMPILER_APPICON_NAME = AppIcon;
				ASSETCATALOG_COMPILER_GLOBAL_ACCENT_COLOR_NAME = AccentColor;
				CODE_SIGN_STYLE = Automatic;
				CURRENT_PROJECT_VERSION = 1;
				GENERATE_INFOPLIST_FILE = YES;
				INFOPLIST_FILE = BazelDemo/Info.plist;
				INFOPLIST_KEY_UIApplicationSupportsIndirectInputEvents = YES;
				INFOPLIST_KEY_UILaunchStoryboardName = LaunchScreen;
				INFOPLIST_KEY_UIMainStoryboardFile = Main;
				INFOPLIST_KEY_UISupportedInterfaceOrientations_iPad = "UIInterfaceOrientationPortrait UIInterfaceOrientationPortraitUpsideDown UIInterfaceOrientationLandscapeLeft UIInterfaceOrientationLandscapeRight";
				INFOPLIST_KEY_UISupportedInterfaceOrientations_iPhone = "UIInterfaceOrientationPortrait UIInterfaceOrientationLandscapeLeft UIInterfaceOrientationLandscapeRight";
				LD_RUNPATH_SEARCH_PATHS = (
					"$(inherited)",
					"@executable_path/Frameworks",
				);
				MARKETING_VERSION = 1.0;
				PRODUCT_BUNDLE_IDENTIFIER = com.test.app.BazelDemo;
				PRODUCT_NAME = "$(TARGET_NAME)";
				SWIFT_EMIT_LOC_STRINGS = YES;
				SWIFT_VERSION = 5.0;
				TARGETED_DEVICE_FAMILY = "1,2";
			};
			name = Debug;
		};
		28EB2C332763BAFE00C5A506 /* Release */ = {
			isa = XCBuildConfiguration;
			buildSettings = {
				ASSETCATALOG_COMPILER_APPICON_NAME = AppIcon;
				ASSETCATALOG_COMPILER_GLOBAL_ACCENT_COLOR_NAME = AccentColor;
				CODE_SIGN_STYLE = Automatic;
				CURRENT_PROJECT_VERSION = 1;
				GENERATE_INFOPLIST_FILE = YES;
				INFOPLIST_FILE = BazelDemo/Info.plist;
				INFOPLIST_KEY_UIApplicationSupportsIndirectInputEvents = YES;
				INFOPLIST_KEY_UILaunchStoryboardName = LaunchScreen;
				INFOPLIST_KEY_UIMainStoryboardFile = Main;
				INFOPLIST_KEY_UISupportedInterfaceOrientations_iPad = "UIInterfaceOrientationPortrait UIInterfaceOrientationPortraitUpsideDown UIInterfaceOrientationLandscapeLeft UIInterfaceOrientationLandscapeRight";
				INFOPLIST_KEY_UISupportedInterfaceOrientations_iPhone = "UIInterfaceOrientationPortrait UIInterfaceOrientationLandscapeLeft UIInterfaceOrientationLandscapeRight";
				LD_RUNPATH_SEARCH_PATHS = (
					"$(inherited)",
					"@executable_path/Frameworks",
				);
				MARKETING_VERSION = 1.0;
				PRODUCT_BUNDLE_IDENTIFIER = com.test.app.BazelDemo;
				PRODUCT_NAME = "$(TARGET_NAME)";
				SWIFT_EMIT_LOC_STRINGS = YES;
				SWIFT_VERSION = 5.0;
				TARGETED_DEVICE_FAMILY = "1,2";
			};
			name = Release;
		};
		28EB2C352763BAFE00C5A506 /* Debug */ = {
			isa = XCBuildConfiguration;
			buildSettings = {
				ALWAYS_EMBED_SWIFT_STANDARD_LIBRARIES = YES;
				BUNDLE_LOADER = "$(TEST_HOST)";
				CODE_SIGN_STYLE = Automatic;
				CURRENT_PROJECT_VERSION = 1;
				GENERATE_INFOPLIST_FILE = YES;
				IPHONEOS_DEPLOYMENT_TARGET = 15.0;
				LD_RUNPATH_SEARCH_PATHS = (
					"$(inherited)",
					"@executable_path/Frameworks",
					"@loader_path/Frameworks",
				);
				MARKETING_VERSION = 1.0;
				PRODUCT_BUNDLE_IDENTIFIER = com.test.app.BazelDemoTests;
				PRODUCT_NAME = "$(TARGET_NAME)";
				SWIFT_EMIT_LOC_STRINGS = NO;
				SWIFT_VERSION = 5.0;
				TARGETED_DEVICE_FAMILY = "1,2";
				TEST_HOST = "$(BUILT_PRODUCTS_DIR)/BazelDemo.app/BazelDemo";
			};
			name = Debug;
		};
		28EB2C362763BAFE00C5A506 /* Release */ = {
			isa = XCBuildConfiguration;
			buildSettings = {
				ALWAYS_EMBED_SWIFT_STANDARD_LIBRARIES = YES;
				BUNDLE_LOADER = "$(TEST_HOST)";
				CODE_SIGN_STYLE = Automatic;
				CURRENT_PROJECT_VERSION = 1;
				GENERATE_INFOPLIST_FILE = YES;
				IPHONEOS_DEPLOYMENT_TARGET = 15.0;
				LD_RUNPATH_SEARCH_PATHS = (
					"$(inherited)",
					"@executable_path/Frameworks",
					"@loader_path/Frameworks",
				);
				MARKETING_VERSION = 1.0;
				PRODUCT_BUNDLE_IDENTIFIER = com.test.app.BazelDemoTests;
				PRODUCT_NAME = "$(TARGET_NAME)";
				SWIFT_EMIT_LOC_STRINGS = NO;
				SWIFT_VERSION = 5.0;
				TARGETED_DEVICE_FAMILY = "1,2";
				TEST_HOST = "$(BUILT_PRODUCTS_DIR)/BazelDemo.app/BazelDemo";
			};
			name = Release;
		};
		28EB2C382763BAFE00C5A506 /* Debug */ = {
			isa = XCBuildConfiguration;
			buildSettings = {
				ALWAYS_EMBED_SWIFT_STANDARD_LIBRARIES = YES;
				CODE_SIGN_STYLE = Automatic;
				CURRENT_PROJECT_VERSION = 1;
				GENERATE_INFOPLIST_FILE = YES;
				LD_RUNPATH_SEARCH_PATHS = (
					"$(inherited)",
					"@executable_path/Frameworks",
					"@loader_path/Frameworks",
				);
				MARKETING_VERSION = 1.0;
				PRODUCT_BUNDLE_IDENTIFIER = com.test.app.BazelDemoUITests;
				PRODUCT_NAME = "$(TARGET_NAME)";
				SWIFT_EMIT_LOC_STRINGS = NO;
				SWIFT_VERSION = 5.0;
				TARGETED_DEVICE_FAMILY = "1,2";
				TEST_TARGET_NAME = BazelDemo;
			};
			name = Debug;
		};
		28EB2C392763BAFE00C5A506 /* Release */ = {
			isa = XCBuildConfiguration;
			buildSettings = {
				ALWAYS_EMBED_SWIFT_STANDARD_LIBRARIES = YES;
				CODE_SIGN_STYLE = Automatic;
				CURRENT_PROJECT_VERSION = 1;
				GENERATE_INFOPLIST_FILE = YES;
				LD_RUNPATH_SEARCH_PATHS = (
					"$(inherited)",
					"@executable_path/Frameworks",
					"@loader_path/Frameworks",
				);
				MARKETING_VERSION = 1.0;
				PRODUCT_BUNDLE_IDENTIFIER = com.test.app.BazelDemoUITests;
				PRODUCT_NAME = "$(TARGET_NAME)";
				SWIFT_EMIT_LOC_STRINGS = NO;
				SWIFT_VERSION = 5.0;
				TARGETED_DEVICE_FAMILY = "1,2";
				TEST_TARGET_NAME = BazelDemo;
			};
			name = Release;
		};
/* End XCBuildConfiguration section */

/* Begin XCConfigurationList section */
		28EB2C022763BAFC00C5A506 /* Build configuration list for PBXProject "BazelDemo" */ = {
			isa = XCConfigurationList;
			buildConfigurations = (
				28EB2C2F2763BAFE00C5A506 /* Debug */,
				28EB2C302763BAFE00C5A506 /* Release */,
			);
			defaultConfigurationIsVisible = 0;
			defaultConfigurationName = Release;
		};
		28EB2C312763BAFE00C5A506 /* Build configuration list for PBXNativeTarget "BazelDemo" */ = {
			isa = XCConfigurationList;
			buildConfigurations = (
				28EB2C322763BAFE00C5A506 /* Debug */,
				28EB2C332763BAFE00C5A506 /* Release */,
			);
			defaultConfigurationIsVisible = 0;
			defaultConfigurationName = Release;
		};
		28EB2C342763BAFE00C5A506 /* Build configuration list for PBXNativeTarget "BazelDemoTests" */ = {
			isa = XCConfigurationList;
			buildConfigurations = (
				28EB2C352763BAFE00C5A506 /* Debug */,
				28EB2C362763BAFE00C5A506 /* Release */,
			);
			defaultConfigurationIsVisible = 0;
			defaultConfigurationName = Release;
		};
		28EB2C372763BAFE00C5A506 /* Build configuration list for PBXNativeTarget "BazelDemoUITests" */ = {
			isa = XCConfigurationList;
			buildConfigurations = (
				28EB2C382763BAFE00C5A506 /* Debug */,
				28EB2C392763BAFE00C5A506 /* Release */,
			);
			defaultConfigurationIsVisible = 0;
			defaultConfigurationName = Release;
		};
/* End XCConfigurationList section */
	};
	rootObject = 28EB2BFF2763BAFC00C5A506 /* Project object */;
}
